
Microsoft Visual Studio Solution File, Format Version 12.00
# Visual Studio Version 17
VisualStudioVersion = 17.3.32929.385
MinimumVisualStudioVersion = 10.0.40219.1
Project("{9A19103F-16F7-4668-BE54-9A1E7A4F7556}") = "WebKeepAlive.Service", "WebKeepAlive.Service\WebKeepAlive.Service.csproj", "{43341813-F2D7-4AF0-9BBB-32AAB1DB0B73}"
EndProject
Project("{9A19103F-16F7-4668-BE54-9A1E7A4F7556}") = "WebKeepAlive.Core", "WebKeepAlive.Core\WebKeepAlive.Core.csproj", "{DCFADFA3-3FB9-4EBA-B144-9C7C7F27372D}"
EndProject
Project("{9A19103F-16F7-4668-BE54-9A1E7A4F7556}") = "WebKeepAlive.UI", "WebKeepAlive.UI\WebKeepAlive.UI.csproj", "{5F5C9788-2E46-4064-B6CA-FC6AF15DC525}"
EndProject
Project("{FAE04EC0-301F-11D3-BF4B-00C04F79EFBC}") = "WebKeepAlive.Tests", "WebKeepAlive.Tests\WebKeepAlive.Tests.csproj", "{A774F72A-DD9A-49F6-8CAF-2444C0106D02}"
EndProject
Global
	GlobalSection(SolutionConfigurationPlatforms) = preSolution
		Debug|Any CPU = Debug|Any CPU
		Release|Any CPU = Release|Any CPU
	EndGlobalSection
	GlobalSection(ProjectConfigurationPlatforms) = postSolution
		{43341813-F2D7-4AF0-9BBB-32AAB1DB0B73}.Debug|Any CPU.ActiveCfg = Debug|Any CPU
		{43341813-F2D7-4AF0-9BBB-32AAB1DB0B73}.Debug|Any CPU.Build.0 = Debug|Any CPU
		{43341813-F2D7-4AF0-9BBB-32AAB1DB0B73}.Release|Any CPU.ActiveCfg = Release|Any CPU
		{43341813-F2D7-4AF0-9BBB-32AAB1DB0B73}.Release|Any CPU.Build.0 = Release|Any CPU
		{DCFADFA3-3FB9-4EBA-B144-9C7C7F27372D}.Debug|Any CPU.ActiveCfg = Debug|Any CPU
		{DCFADFA3-3FB9-4EBA-B144-9C7C7F27372D}.Debug|Any CPU.Build.0 = Debug|Any CPU
		{DCFADFA3-3FB9-4EBA-B144-9C7C7F27372D}.Release|Any CPU.ActiveCfg = Release|Any CPU
		{DCFADFA3-3FB9-4EBA-B144-9C7C7F27372D}.Release|Any CPU.Build.0 = Release|Any CPU
		{5F5C9788-2E46-4064-B6CA-FC6AF15DC525}.Debug|Any CPU.ActiveCfg = Debug|Any CPU
		{5F5C9788-2E46-4064-B6CA-FC6AF15DC525}.Debug|Any CPU.Build.0 = Debug|Any CPU
		{5F5C9788-2E46-4064-B6CA-FC6AF15DC525}.Release|Any CPU.ActiveCfg = Release|Any CPU
		{5F5C9788-2E46-4064-B6CA-FC6AF15DC525}.Release|Any CPU.Build.0 = Release|Any CPU
		{A774F72A-DD9A-49F6-8CAF-2444C0106D02}.Debug|Any CPU.ActiveCfg = Debug|Any CPU
		{A774F72A-DD9A-49F6-8CAF-2444C0106D02}.Debug|Any CPU.Build.0 = Debug|Any CPU
		{A774F72A-DD9A-49F6-8CAF-2444C0106D02}.Release|Any CPU.ActiveCfg = Release|Any CPU
		{A774F72A-DD9A-49F6-8CAF-2444C0106D02}.Release|Any CPU.Build.0 = Release|Any CPU
	EndGlobalSection
	GlobalSection(SolutionProperties) = preSolution
		HideSolutionNode = FALSE
	EndGlobalSection
	GlobalSection(ExtensibilityGlobals) = postSolution
		SolutionGuid = {B5577F3B-FB89-4AB2-ABCA-BC977A2A4518}
	EndGlobalSection
EndGlobal
